
Microsoft Visual Studio Solution File, Format Version 12.00
# Visual Studio Version 16
VisualStudioVersion = 16.0.30621.155
MinimumVisualStudioVersion = 10.0.40219.1
Project("{FAE04EC0-301F-11D3-BF4B-00C04F79EFBC}") = "Exercise6", "Exercise6\Exercise6.csproj", "{9B486326-0FDB-4264-AA4A-1A12C24D6ACE}"
EndProject
Global
	GlobalSection(SolutionConfigurationPlatforms) = preSolution
		Debug|Any CPU = Debug|Any CPU
		Release|Any CPU = Release|Any CPU
	EndGlobalSection
	GlobalSection(ProjectConfigurationPlatforms) = postSolution
		{9B486326-0FDB-4264-AA4A-1A12C24D6ACE}.Debug|Any CPU.ActiveCfg = Debug|Any CPU
		{9B486326-0FDB-4264-AA4A-1A12C24D6ACE}.Debug|Any CPU.Build.0 = Debug|Any CPU
		{9B486326-0FDB-4264-AA4A-1A12C24D6ACE}.Release|Any CPU.ActiveCfg = Release|Any CPU
		{9B486326-0FDB-4264-AA4A-1A12C24D6ACE}.Release|Any CPU.Build.0 = Release|Any CPU
	EndGlobalSection
	GlobalSection(SolutionProperties) = preSolution
		HideSolutionNode = FALSE
	EndGlobalSection
	GlobalSection(ExtensibilityGlobals) = postSolution
		SolutionGuid = {B84B20AF-8C99-4980-8DB6-4A0EECDB9EBB}
	EndGlobalSection
EndGlobal
